<?xml version="1.0" encoding="utf-8"?>
<Project ToolsVersion="4.0" xmlns="http://schemas.microsoft.com/developer/msbuild/2003">
  <ItemGroup>
    <Filter Include="Source Files">
      <UniqueIdentifier>{4FC737F1-C7A5-4376-A066-2A32D752A2FF}</UniqueIdentifier>
      <Extensions>cpp;c;cc;cxx;def;odl;idl;hpj;bat;asm;asmx</Extensions>
    </Filter>
    <Filter Include="Header Files">
      <UniqueIdentifier>{93995380-89BD-4b04-88EB-625FBE52EBFB}</UniqueIdentifier>
      <Extensions>h;hh;hpp;hxx;hm;inl;inc;xsd</Extensions>
    </Filter>
    <Filter Include="Resource Files">
      <UniqueIdentifier>{67DA6AB6-F800-4c08-8B7A-83BB121AAD01}</UniqueIdentifier>
      <Extensions>rc;ico;cur;bmp;dlg;rc2;rct;bin;rgs;gif;jpg;jpeg;jpe;resx;tiff;tif;png;wav;mfcribbon-ms</Extensions>
    </Filter>
  </ItemGroup>
  <ItemGroup>
    <None Include="xclib.cpp.nuspec" />
    <None Include="xclib.cpp.targets" />
    <None Include="packages.config" />
    <None Include="include\VideoTriggerDisabled.fmt" />
    <None Include="include\VideoTriggerEnabled.fmt" />
  </ItemGroup>
  <ItemGroup>
    <ClInclude Include="include\frame_grabber.hpp">
      <Filter>Header Files</Filter>
    </ClInclude>
    <ClInclude Include="include\capture_event.hpp">
      <Filter>Header Files</Filter>
    </ClInclude>
    <ClInclude Include="include\fault_event.hpp">
      <Filter>Header Files</Filter>
    </ClInclude>
    <ClInclude Include="include\gpio_event.hpp">
      <Filter>Header Files</Filter>
    </ClInclude>
    <ClInclude Include="include\frame_buffer.hpp">
      <Filter>Header Files</Filter>
    </ClInclude>
    <ClInclude Include="include\frame_buffer_sequence.hpp">
      <Filter>Header Files</Filter>
    </ClInclude>
    <ClInclude Include="include\frame_grabber_unit.hpp">
      <Filter>Header Files</Filter>
    </ClInclude>
    <ClInclude Include="include\fault_observable.hpp">
      <Filter>Header Files</Filter>
    </ClInclude>
    <ClInclude Include="include\helpers.hpp">
      <Filter>Header Files</Filter>
    </ClInclude>
    <ClInclude Include="include\capture_observable.hpp">
      <Filter>Header Files</Filter>
    </ClInclude>
    <ClInclude Include="include\frame_grabber_options.hpp">
      <Filter>Header Files</Filter>
    </ClInclude>
    <ClInclude Include="include\image_info.hpp">
      <Filter>Header Files</Filter>
    </ClInclude>
    <ClInclude Include="include\fault_info.hpp">
      <Filter>Header Files</Filter>
    </ClInclude>
    <ClInclude Include="include\observable_base.hpp">
      <Filter>Header Files</Filter>
    </ClInclude>
    <ClInclude Include="include\xclib.hpp">
      <Filter>Header Files</Filter>
    </ClInclude>
  </ItemGroup>
</Project>